{
  "requires": true,
  "lockfileVersion": 1,
  "dependencies": {
    "arpscan": {
      "version": "0.6.0",
      "resolved": "https://registry.npmjs.org/arpscan/-/arpscan-0.6.0.tgz",
      "integrity": "sha1-ERE+wwybBS/XzSseYdxud0agd1M=",
      "requires": {
        "commander": "2.15.1",
        "gextend": "0.1.6",
        "suspawn": "0.2.2"
      }
    },
    "commander": {
      "version": "2.15.1",
      "resolved": "https://registry.npmjs.org/commander/-/commander-2.15.1.tgz",
      "integrity": "sha512-VlfT9F3V0v+jr4yxPc5gg9s62/fIVWsd2Bk2iD435um1NlGMYdVCq+MjcXnhYq2icNOizHr1kK+5TI6H0Hy0ag=="
    },
    "gextend": {
      "version": "0.1.6",
      "resolved": "https://registry.npmjs.org/gextend/-/gextend-0.1.6.tgz",
      "integrity": "sha1-7eQsDwu/U/0PXxAcQWNDyva9hHI="
    },
    "suspawn": {
      "version": "0.2.2",
      "resolved": "https://registry.npmjs.org/suspawn/-/suspawn-0.2.2.tgz",
      "integrity": "sha1-ClQP2ggXV56JBbVuKd4b9IOl88M="
    }
  }
}
